
Microsoft Visual Studio Solution File, Format Version 12.00
# Visual Studio Version 17
VisualStudioVersion = 17.11.35327.3
MinimumVisualStudioVersion = 10.0.40219.1
Project("{FAE04EC0-301F-11D3-BF4B-00C04F79EFBC}") = "LeetCode", "LeetCode.csproj", "{78466AD1-075D-4C04-BF74-7144E1711D26}"
EndProject
Global
	GlobalSection(SolutionConfigurationPlatforms) = preSolution
		Debug|Any CPU = Debug|Any CPU
		Release|Any CPU = Release|Any CPU
	EndGlobalSection
	GlobalSection(ProjectConfigurationPlatforms) = postSolution
		{78466AD1-075D-4C04-BF74-7144E1711D26}.Debug|Any CPU.ActiveCfg = Debug|Any CPU
		{78466AD1-075D-4C04-BF74-7144E1711D26}.Debug|Any CPU.Build.0 = Debug|Any CPU
		{78466AD1-075D-4C04-BF74-7144E1711D26}.Release|Any CPU.ActiveCfg = Release|Any CPU
		{78466AD1-075D-4C04-BF74-7144E1711D26}.Release|Any CPU.Build.0 = Release|Any CPU
	EndGlobalSection
	GlobalSection(SolutionProperties) = preSolution
		HideSolutionNode = FALSE
	EndGlobalSection
	GlobalSection(ExtensibilityGlobals) = postSolution
		SolutionGuid = {A3B73656-C4A7-4562-9A87-3A26875362C0}
	EndGlobalSection
EndGlobal
